
Microsoft Visual Studio Solution File, Format Version 12.00
# Visual Studio 15
VisualStudioVersion = 15.0.26124.0
MinimumVisualStudioVersion = 15.0.26124.0
Project("{FAE04EC0-301F-11D3-BF4B-00C04F79EFBC}") = "R5T.Alamania.Bulgaria.Construction", "R5T.Alamania.Bulgaria.Construction\R5T.Alamania.Bulgaria.Construction.csproj", "{13DB278D-6FD6-4D12-B8F1-FAAC712AA0D9}"
EndProject
Project("{FAE04EC0-301F-11D3-BF4B-00C04F79EFBC}") = "R5T.Alamania.Bulgaria", "R5T.Alamania.Bulgaria\R5T.Alamania.Bulgaria.csproj", "{3EB1CDE2-CA90-4487-A440-3FCA479CB270}"
EndProject
Project("{FAE04EC0-301F-11D3-BF4B-00C04F79EFBC}") = "R5T.Alamania.Bulgaria.Testing", "R5T.Alamania.Bulgaria.Testing\R5T.Alamania.Bulgaria.Testing.csproj", "{B9C75D3A-A983-4E61-BF08-49C836DB3CA7}"
EndProject
Global
	GlobalSection(SolutionConfigurationPlatforms) = preSolution
		Debug|Any CPU = Debug|Any CPU
		Debug|x64 = Debug|x64
		Debug|x86 = Debug|x86
		Release|Any CPU = Release|Any CPU
		Release|x64 = Release|x64
		Release|x86 = Release|x86
	EndGlobalSection
	GlobalSection(SolutionProperties) = preSolution
		HideSolutionNode = FALSE
	EndGlobalSection
	GlobalSection(ProjectConfigurationPlatforms) = postSolution
		{13DB278D-6FD6-4D12-B8F1-FAAC712AA0D9}.Debug|Any CPU.ActiveCfg = Debug|Any CPU
		{13DB278D-6FD6-4D12-B8F1-FAAC712AA0D9}.Debug|Any CPU.Build.0 = Debug|Any CPU
		{13DB278D-6FD6-4D12-B8F1-FAAC712AA0D9}.Debug|x64.ActiveCfg = Debug|Any CPU
		{13DB278D-6FD6-4D12-B8F1-FAAC712AA0D9}.Debug|x64.Build.0 = Debug|Any CPU
		{13DB278D-6FD6-4D12-B8F1-FAAC712AA0D9}.Debug|x86.ActiveCfg = Debug|Any CPU
		{13DB278D-6FD6-4D12-B8F1-FAAC712AA0D9}.Debug|x86.Build.0 = Debug|Any CPU
		{13DB278D-6FD6-4D12-B8F1-FAAC712AA0D9}.Release|Any CPU.ActiveCfg = Release|Any CPU
		{13DB278D-6FD6-4D12-B8F1-FAAC712AA0D9}.Release|Any CPU.Build.0 = Release|Any CPU
		{13DB278D-6FD6-4D12-B8F1-FAAC712AA0D9}.Release|x64.ActiveCfg = Release|Any CPU
		{13DB278D-6FD6-4D12-B8F1-FAAC712AA0D9}.Release|x64.Build.0 = Release|Any CPU
		{13DB278D-6FD6-4D12-B8F1-FAAC712AA0D9}.Release|x86.ActiveCfg = Release|Any CPU
		{13DB278D-6FD6-4D12-B8F1-FAAC712AA0D9}.Release|x86.Build.0 = Release|Any CPU
		{3EB1CDE2-CA90-4487-A440-3FCA479CB270}.Debug|Any CPU.ActiveCfg = Debug|Any CPU
		{3EB1CDE2-CA90-4487-A440-3FCA479CB270}.Debug|Any CPU.Build.0 = Debug|Any CPU
		{3EB1CDE2-CA90-4487-A440-3FCA479CB270}.Debug|x64.ActiveCfg = Debug|Any CPU
		{3EB1CDE2-CA90-4487-A440-3FCA479CB270}.Debug|x64.Build.0 = Debug|Any CPU
		{3EB1CDE2-CA90-4487-A440-3FCA479CB270}.Debug|x86.ActiveCfg = Debug|Any CPU
		{3EB1CDE2-CA90-4487-A440-3FCA479CB270}.Debug|x86.Build.0 = Debug|Any CPU
		{3EB1CDE2-CA90-4487-A440-3FCA479CB270}.Release|Any CPU.ActiveCfg = Release|Any CPU
		{3EB1CDE2-CA90-4487-A440-3FCA479CB270}.Release|Any CPU.Build.0 = Release|Any CPU
		{3EB1CDE2-CA90-4487-A440-3FCA479CB270}.Release|x64.ActiveCfg = Release|Any CPU
		{3EB1CDE2-CA90-4487-A440-3FCA479CB270}.Release|x64.Build.0 = Release|Any CPU
		{3EB1CDE2-CA90-4487-A440-3FCA479CB270}.Release|x86.ActiveCfg = Release|Any CPU
		{3EB1CDE2-CA90-4487-A440-3FCA479CB270}.Release|x86.Build.0 = Release|Any CPU
		{B9C75D3A-A983-4E61-BF08-49C836DB3CA7}.Debug|Any CPU.ActiveCfg = Debug|Any CPU
		{B9C75D3A-A983-4E61-BF08-49C836DB3CA7}.Debug|Any CPU.Build.0 = Debug|Any CPU
		{B9C75D3A-A983-4E61-BF08-49C836DB3CA7}.Debug|x64.ActiveCfg = Debug|Any CPU
		{B9C75D3A-A983-4E61-BF08-49C836DB3CA7}.Debug|x64.Build.0 = Debug|Any CPU
		{B9C75D3A-A983-4E61-BF08-49C836DB3CA7}.Debug|x86.ActiveCfg = Debug|Any CPU
		{B9C75D3A-A983-4E61-BF08-49C836DB3CA7}.Debug|x86.Build.0 = Debug|Any CPU
		{B9C75D3A-A983-4E61-BF08-49C836DB3CA7}.Release|Any CPU.ActiveCfg = Release|Any CPU
		{B9C75D3A-A983-4E61-BF08-49C836DB3CA7}.Release|Any CPU.Build.0 = Release|Any CPU
		{B9C75D3A-A983-4E61-BF08-49C836DB3CA7}.Release|x64.ActiveCfg = Release|Any CPU
		{B9C75D3A-A983-4E61-BF08-49C836DB3CA7}.Release|x64.Build.0 = Release|Any CPU
		{B9C75D3A-A983-4E61-BF08-49C836DB3CA7}.Release|x86.ActiveCfg = Release|Any CPU
		{B9C75D3A-A983-4E61-BF08-49C836DB3CA7}.Release|x86.Build.0 = Release|Any CPU
	EndGlobalSection
EndGlobal
